# This file is automatically @generated by Poetry 1.5.1 and should not be changed by hand.

[[package]]
name = "emoji"
version = "2.7.0"
description = "Emoji for Python"
optional = false
python-versions = ">=2.7, !=3.0.*, !=3.1.*, !=3.2.*, !=3.3.*"
files = [
    {file = "emoji-2.7.0.tar.gz", hash = "sha256:375cc08589704266099846c553b6572ec5be591374b4d2cd1623b8343d5c9abb"},
]

[package.extras]
dev = ["coverage", "coveralls", "pytest"]

[metadata]
lock-version = "2.0"
python-versions = "^3.8"
content-hash = "40a9f168b51acec9b508ca7011ee0e3c353eb87808e99298613e03ff5f74972d"
